
Microsoft Visual Studio Solution File, Format Version 12.00
# Visual Studio Version 17
VisualStudioVersion = 17.14.35906.104 d17.14
MinimumVisualStudioVersion = 10.0.40219.1
Project("{FAE04EC0-301F-11D3-BF4B-00C04F79EFBC}") = "GitHub-Assistance", "GitHub-Assistance\GitHub-Assistance.csproj", "{FCC7637A-CEBF-4EA6-A06A-65404DD5DD73}"
EndProject
Project("{FAE04EC0-301F-11D3-BF4B-00C04F79EFBC}") = "GitHub_Assistance_Console", "GitHub_Assistance_Console\GitHub_Assistance_Console.csproj", "{E30E575B-1859-4C6A-B6A5-4A5FEF36B823}"
EndProject
Global
	GlobalSection(SolutionConfigurationPlatforms) = preSolution
		Debug|Any CPU = Debug|Any CPU
		Release|Any CPU = Release|Any CPU
	EndGlobalSection
	GlobalSection(ProjectConfigurationPlatforms) = postSolution
		{FCC7637A-CEBF-4EA6-A06A-65404DD5DD73}.Debug|Any CPU.ActiveCfg = Debug|Any CPU
		{FCC7637A-CEBF-4EA6-A06A-65404DD5DD73}.Debug|Any CPU.Build.0 = Debug|Any CPU
		{FCC7637A-CEBF-4EA6-A06A-65404DD5DD73}.Release|Any CPU.ActiveCfg = Release|Any CPU
		{FCC7637A-CEBF-4EA6-A06A-65404DD5DD73}.Release|Any CPU.Build.0 = Release|Any CPU
		{E30E575B-1859-4C6A-B6A5-4A5FEF36B823}.Debug|Any CPU.ActiveCfg = Debug|Any CPU
		{E30E575B-1859-4C6A-B6A5-4A5FEF36B823}.Debug|Any CPU.Build.0 = Debug|Any CPU
		{E30E575B-1859-4C6A-B6A5-4A5FEF36B823}.Release|Any CPU.ActiveCfg = Release|Any CPU
		{E30E575B-1859-4C6A-B6A5-4A5FEF36B823}.Release|Any CPU.Build.0 = Release|Any CPU
	EndGlobalSection
	GlobalSection(SolutionProperties) = preSolution
		HideSolutionNode = FALSE
	EndGlobalSection
	GlobalSection(ExtensibilityGlobals) = postSolution
		SolutionGuid = {2D2C0163-797E-4D16-8825-AFA28D7D4A3B}
	EndGlobalSection
EndGlobal
